
Microsoft Visual Studio Solution File, Format Version 12.00
# Visual Studio 2012
Project("{FAE04EC0-301F-11D3-BF4B-00C04F79EFBC}") = "魔兽", "魔兽\魔兽.csproj", "{BA4426C6-4D0C-4D43-BAF0-E9633DF693A9}"
EndProject
Global
	GlobalSection(SolutionConfigurationPlatforms) = preSolution
		Debug|Any CPU = Debug|Any CPU
		Release|Any CPU = Release|Any CPU
	EndGlobalSection
	GlobalSection(ProjectConfigurationPlatforms) = postSolution
		{BA4426C6-4D0C-4D43-BAF0-E9633DF693A9}.Debug|Any CPU.ActiveCfg = Debug|Any CPU
		{BA4426C6-4D0C-4D43-BAF0-E9633DF693A9}.Debug|Any CPU.Build.0 = Debug|Any CPU
		{BA4426C6-4D0C-4D43-BAF0-E9633DF693A9}.Release|Any CPU.ActiveCfg = Release|Any CPU
		{BA4426C6-4D0C-4D43-BAF0-E9633DF693A9}.Release|Any CPU.Build.0 = Release|Any CPU
	EndGlobalSection
	GlobalSection(SolutionProperties) = preSolution
		HideSolutionNode = FALSE
	EndGlobalSection
EndGlobal
