
Microsoft Visual Studio Solution File, Format Version 12.00
# Visual Studio 2012
Project("{FAE04EC0-301F-11D3-BF4B-00C04F79EFBC}") = "使用多态输出形状", "使用多态输出形状\使用多态输出形状.csproj", "{45693E2E-0733-4168-91AD-D84D310A740F}"
EndProject
Global
	GlobalSection(SolutionConfigurationPlatforms) = preSolution
		Debug|Any CPU = Debug|Any CPU
		Release|Any CPU = Release|Any CPU
	EndGlobalSection
	GlobalSection(ProjectConfigurationPlatforms) = postSolution
		{45693E2E-0733-4168-91AD-D84D310A740F}.Debug|Any CPU.ActiveCfg = Debug|Any CPU
		{45693E2E-0733-4168-91AD-D84D310A740F}.Debug|Any CPU.Build.0 = Debug|Any CPU
		{45693E2E-0733-4168-91AD-D84D310A740F}.Release|Any CPU.ActiveCfg = Release|Any CPU
		{45693E2E-0733-4168-91AD-D84D310A740F}.Release|Any CPU.Build.0 = Release|Any CPU
	EndGlobalSection
	GlobalSection(SolutionProperties) = preSolution
		HideSolutionNode = FALSE
	EndGlobalSection
EndGlobal
